
Microsoft Visual Studio Solution File, Format Version 12.00
Project("{FAE04EC0-301F-11D3-BF4B-00C04F79EFBC}") = "GymManager-UI", "GymManager-UI\GymManager-UI.csproj", "{591C26D8-6DCC-45F3-ACE9-FB19E4A234E5}"
EndProject
Project("{FAE04EC0-301F-11D3-BF4B-00C04F79EFBC}") = "GymManager-DAL", "GymManager-DAL\GymManager-DAL.csproj", "{A7D1F175-FDF6-4D35-AA7A-B3000606A613}"
EndProject
Project("{FAE04EC0-301F-11D3-BF4B-00C04F79EFBC}") = "GymManager-MPP", "GymManager-MPP\GymManager-MPP.csproj", "{17E657E7-AA60-425D-BDD6-10588E01D309}"
EndProject
Project("{FAE04EC0-301F-11D3-BF4B-00C04F79EFBC}") = "GymManager-BE", "GymManager-BE\GymManager-BE.csproj", "{A4A8D0D9-98D2-4319-ACF7-9572E24F482B}"
EndProject
Project("{FAE04EC0-301F-11D3-BF4B-00C04F79EFBC}") = "GymManager-BLL", "GymManager-BLL\GymManager-BLL.csproj", "{F53D3762-3B43-45DA-A279-03D9E866FA59}"
EndProject
Project("{FAE04EC0-301F-11D3-BF4B-00C04F79EFBC}") = "GymManager-docs", "GymManager-docs\GymManager-docs.csproj", "{DE477CA4-A64F-481D-89EE-D1ACA31CC9BC}"
EndProject
Project("{FAE04EC0-301F-11D3-BF4B-00C04F79EFBC}") = "GymManager-API", "GymManager-API\GymManager-API.csproj", "{B2B38360-1AC5-4A2B-8792-97516F9B3CE2}"
EndProject
Global
	GlobalSection(SolutionConfigurationPlatforms) = preSolution
		Debug|Any CPU = Debug|Any CPU
		Release|Any CPU = Release|Any CPU
	EndGlobalSection
	GlobalSection(ProjectConfigurationPlatforms) = postSolution
		{591C26D8-6DCC-45F3-ACE9-FB19E4A234E5}.Debug|Any CPU.ActiveCfg = Debug|Any CPU
		{591C26D8-6DCC-45F3-ACE9-FB19E4A234E5}.Debug|Any CPU.Build.0 = Debug|Any CPU
		{591C26D8-6DCC-45F3-ACE9-FB19E4A234E5}.Release|Any CPU.ActiveCfg = Release|Any CPU
		{591C26D8-6DCC-45F3-ACE9-FB19E4A234E5}.Release|Any CPU.Build.0 = Release|Any CPU
		{A7D1F175-FDF6-4D35-AA7A-B3000606A613}.Debug|Any CPU.ActiveCfg = Debug|Any CPU
		{A7D1F175-FDF6-4D35-AA7A-B3000606A613}.Debug|Any CPU.Build.0 = Debug|Any CPU
		{A7D1F175-FDF6-4D35-AA7A-B3000606A613}.Release|Any CPU.ActiveCfg = Release|Any CPU
		{A7D1F175-FDF6-4D35-AA7A-B3000606A613}.Release|Any CPU.Build.0 = Release|Any CPU
		{17E657E7-AA60-425D-BDD6-10588E01D309}.Debug|Any CPU.ActiveCfg = Debug|Any CPU
		{17E657E7-AA60-425D-BDD6-10588E01D309}.Debug|Any CPU.Build.0 = Debug|Any CPU
		{17E657E7-AA60-425D-BDD6-10588E01D309}.Release|Any CPU.ActiveCfg = Release|Any CPU
		{17E657E7-AA60-425D-BDD6-10588E01D309}.Release|Any CPU.Build.0 = Release|Any CPU
		{A4A8D0D9-98D2-4319-ACF7-9572E24F482B}.Debug|Any CPU.ActiveCfg = Debug|Any CPU
		{A4A8D0D9-98D2-4319-ACF7-9572E24F482B}.Debug|Any CPU.Build.0 = Debug|Any CPU
		{A4A8D0D9-98D2-4319-ACF7-9572E24F482B}.Release|Any CPU.ActiveCfg = Release|Any CPU
		{A4A8D0D9-98D2-4319-ACF7-9572E24F482B}.Release|Any CPU.Build.0 = Release|Any CPU
		{F53D3762-3B43-45DA-A279-03D9E866FA59}.Debug|Any CPU.ActiveCfg = Debug|Any CPU
		{F53D3762-3B43-45DA-A279-03D9E866FA59}.Debug|Any CPU.Build.0 = Debug|Any CPU
		{F53D3762-3B43-45DA-A279-03D9E866FA59}.Release|Any CPU.ActiveCfg = Release|Any CPU
		{F53D3762-3B43-45DA-A279-03D9E866FA59}.Release|Any CPU.Build.0 = Release|Any CPU
		{DE477CA4-A64F-481D-89EE-D1ACA31CC9BC}.Debug|Any CPU.ActiveCfg = Debug|Any CPU
		{DE477CA4-A64F-481D-89EE-D1ACA31CC9BC}.Debug|Any CPU.Build.0 = Debug|Any CPU
		{DE477CA4-A64F-481D-89EE-D1ACA31CC9BC}.Release|Any CPU.ActiveCfg = Release|Any CPU
		{DE477CA4-A64F-481D-89EE-D1ACA31CC9BC}.Release|Any CPU.Build.0 = Release|Any CPU
		{B2B38360-1AC5-4A2B-8792-97516F9B3CE2}.Debug|Any CPU.ActiveCfg = Debug|Any CPU
		{B2B38360-1AC5-4A2B-8792-97516F9B3CE2}.Release|Any CPU.ActiveCfg = Release|Any CPU
		{B2B38360-1AC5-4A2B-8792-97516F9B3CE2}.Release|Any CPU.Build.0 = Release|Any CPU
	EndGlobalSection
EndGlobal
